// !$*UTF8*$!
{
	archiveVersion = 1;
	classes = {
	};
	objectVersion = 46;
	objects = {

/* Begin PBXBuildFile section */
		BE51F5071C91101900862DFD /* Deck.swift in Sources */ = {isa = PBXBuildFile; fileRef = BE51F5061C91101900862DFD /* Deck.swift */; };
		BE8764DE1C90DCCC002FBDEE /* main.swift in Sources */ = {isa = PBXBuildFile; fileRef = BE8764DD1C90DCCC002FBDEE /* main.swift */; };
		BE8764E51C90E2D2002FBDEE /* Card.swift in Sources */ = {isa = PBXBuildFile; fileRef = BE8764E41C90E2D2002FBDEE /* Card.swift */; };
		BEEC5BDC1C91D3AD0037D839 /* Move.swift in Sources */ = {isa = PBXBuildFile; fileRef = BEEC5BDB1C91D3AD0037D839 /* Move.swift */; };
		BEEC5BDE1C91D91F0037D839 /* GameState.swift in Sources */ = {isa = PBXBuildFile; fileRef = BEEC5BDD1C91D91F0037D839 /* GameState.swift */; };
/* End PBXBuildFile section */

/* Begin PBXCopyFilesBuildPhase section */
		BE8764D81C90DCCC002FBDEE /* CopyFiles */ = {
			isa = PBXCopyFilesBuildPhase;
			buildActionMask = 2147483647;
			dstPath = /usr/share/man/man1/;
			dstSubfolderSpec = 0;
			files = (
			);
			runOnlyForDeploymentPostprocessing = 1;
		};
/* End PBXCopyFilesBuildPhase section */

/* Begin PBXFileReference section */
		BE51F5061C91101900862DFD /* Deck.swift */ = {isa = PBXFileReference; fileEncoding = 4; lastKnownFileType = sourcecode.swift; path = Deck.swift; sourceTree = "<group>"; };
		BE8764DA1C90DCCC002FBDEE /* freecell.swift */ = {isa = PBXFileReference; explicitFileType = "compiled.mach-o.executable"; includeInIndex = 0; path = freecell.swift; sourceTree = BUILT_PRODUCTS_DIR; };
		BE8764DD1C90DCCC002FBDEE /* main.swift */ = {isa = PBXFileReference; lastKnownFileType = sourcecode.swift; path = main.swift; sourceTree = "<group>"; };
		BE8764E41C90E2D2002FBDEE /* Card.swift */ = {isa = PBXFileReference; fileEncoding = 4; lastKnownFileType = sourcecode.swift; path = Card.swift; sourceTree = "<group>"; };
		BEEC5BDB1C91D3AD0037D839 /* Move.swift */ = {isa = PBXFileReference; fileEncoding = 4; lastKnownFileType = sourcecode.swift; path = Move.swift; sourceTree = "<group>"; };
		BEEC5BDD1C91D91F0037D839 /* GameState.swift */ = {isa = PBXFileReference; fileEncoding = 4; lastKnownFileType = sourcecode.swift; path = GameState.swift; sourceTree = "<group>"; };
/* End PBXFileReference section */

/* Begin PBXFrameworksBuildPhase section */
		BE8764D71C90DCCC002FBDEE /* Frameworks */ = {
			isa = PBXFrameworksBuildPhase;
			buildActionMask = 2147483647;
			files = (
			);
			runOnlyForDeploymentPostprocessing = 0;
		};
/* End PBXFrameworksBuildPhase section */

/* Begin PBXGroup section */
		BE8764D11C90DCCC002FBDEE = {
			isa = PBXGroup;
			children = (
				BE8764DC1C90DCCC002FBDEE /* freecell.swift */,
				BE8764DB1C90DCCC002FBDEE /* Products */,
			);
			sourceTree = "<group>";
		};
		BE8764DB1C90DCCC002FBDEE /* Products */ = {
			isa = PBXGroup;
			children = (
				BE8764DA1C90DCCC002FBDEE /* freecell.swift */,
			);
			name = Products;
			sourceTree = "<group>";
		};
		BE8764DC1C90DCCC002FBDEE /* freecell.swift */ = {
			isa = PBXGroup;
			children = (
				BE8764DD1C90DCCC002FBDEE /* main.swift */,
				BE8764E41C90E2D2002FBDEE /* Card.swift */,
				BE51F5061C91101900862DFD /* Deck.swift */,
				BEEC5BDB1C91D3AD0037D839 /* Move.swift */,
				BEEC5BDD1C91D91F0037D839 /* GameState.swift */,
			);
			path = freecell.swift;
			sourceTree = "<group>";
		};
/* End PBXGroup section */

/* Begin PBXNativeTarget section */
		BE8764D91C90DCCC002FBDEE /* freecell.swift */ = {
			isa = PBXNativeTarget;
			buildConfigurationList = BE8764E11C90DCCC002FBDEE /* Build configuration list for PBXNativeTarget "freecell.swift" */;
			buildPhases = (
				BE8764D61C90DCCC002FBDEE /* Sources */,
				BE8764D71C90DCCC002FBDEE /* Frameworks */,
				BE8764D81C90DCCC002FBDEE /* CopyFiles */,
				BE51F5081C91CDE500862DFD /* ShellScript */,
			);
			buildRules = (
			);
			dependencies = (
			);
			name = freecell.swift;
			productName = freecell.swift;
			productReference = BE8764DA1C90DCCC002FBDEE /* freecell.swift */;
			productType = "com.apple.product-type.tool";
		};
/* End PBXNativeTarget section */

/* Begin PBXProject section */
		BE8764D21C90DCCC002FBDEE /* Project object */ = {
			isa = PBXProject;
			attributes = {
				LastSwiftUpdateCheck = 0720;
				LastUpgradeCheck = 0720;
				ORGANIZATIONNAME = AMW;
				TargetAttributes = {
					BE8764D91C90DCCC002FBDEE = {
						CreatedOnToolsVersion = 7.2.1;
					};
				};
			};
			buildConfigurationList = BE8764D51C90DCCC002FBDEE /* Build configuration list for PBXProject "freecell.swift" */;
			compatibilityVersion = "Xcode 3.2";
			developmentRegion = English;
			hasScannedForEncodings = 0;
			knownRegions = (
				en,
			);
			mainGroup = BE8764D11C90DCCC002FBDEE;
			productRefGroup = BE8764DB1C90DCCC002FBDEE /* Products */;
			projectDirPath = "";
			projectRoot = "";
			targets = (
				BE8764D91C90DCCC002FBDEE /* freecell.swift */,
			);
		};
/* End PBXProject section */

/* Begin PBXShellScriptBuildPhase section */
		BE51F5081C91CDE500862DFD /* ShellScript */ = {
			isa = PBXShellScriptBuildPhase;
			buildActionMask = 2147483647;
			files = (
			);
			inputPaths = (
			);
			outputPaths = (
			);
			runOnlyForDeploymentPostprocessing = 0;
			shellPath = /bin/sh;
			shellScript = "";
		};
/* End PBXShellScriptBuildPhase section */

/* Begin PBXSourcesBuildPhase section */
		BE8764D61C90DCCC002FBDEE /* Sources */ = {
			isa = PBXSourcesBuildPhase;
			buildActionMask = 2147483647;
			files = (
				BEEC5BDC1C91D3AD0037D839 /* Move.swift in Sources */,
				BE51F5071C91101900862DFD /* Deck.swift in Sources */,
				BEEC5BDE1C91D91F0037D839 /* GameState.swift in Sources */,
				BE8764DE1C90DCCC002FBDEE /* main.swift in Sources */,
				BE8764E51C90E2D2002FBDEE /* Card.swift in Sources */,
			);
			runOnlyForDeploymentPostprocessing = 0;
		};
/* End PBXSourcesBuildPhase section */

/* Begin XCBuildConfiguration section */
		BE8764DF1C90DCCC002FBDEE /* Debug */ = {
			isa = XCBuildConfiguration;
			buildSettings = {
				ALWAYS_SEARCH_USER_PATHS = NO;
				CLANG_CXX_LANGUAGE_STANDARD = "gnu++0x";
				CLANG_CXX_LIBRARY = "libc++";
				CLANG_ENABLE_MODULES = YES;
				CLANG_ENABLE_OBJC_ARC = YES;
				CLANG_WARN_BOOL_CONVERSION = YES;
				CLANG_WARN_CONSTANT_CONVERSION = YES;
				CLANG_WARN_DIRECT_OBJC_ISA_USAGE = YES_ERROR;
				CLANG_WARN_EMPTY_BODY = YES;
				CLANG_WARN_ENUM_CONVERSION = YES;
				CLANG_WARN_INT_CONVERSION = YES;
				CLANG_WARN_OBJC_ROOT_CLASS = YES_ERROR;
				CLANG_WARN_UNREACHABLE_CODE = YES;
				CLANG_WARN__DUPLICATE_METHOD_MATCH = YES;
				CODE_SIGN_IDENTITY = "-";
				COPY_PHASE_STRIP = NO;
				DEBUG_INFORMATION_FORMAT = dwarf;
				ENABLE_STRICT_OBJC_MSGSEND = YES;
				ENABLE_TESTABILITY = YES;
				GCC_C_LANGUAGE_STANDARD = gnu99;
				GCC_DYNAMIC_NO_PIC = NO;
				GCC_NO_COMMON_BLOCKS = YES;
				GCC_OPTIMIZATION_LEVEL = 0;
				GCC_PREPROCESSOR_DEFINITIONS = (
					"DEBUG=1",
					"$(inherited)",
				);
				GCC_WARN_64_TO_32_BIT_CONVERSION = YES;
				GCC_WARN_ABOUT_RETURN_TYPE = YES_ERROR;
				GCC_WARN_UNDECLARED_SELECTOR = YES;
				GCC_WARN_UNINITIALIZED_AUTOS = YES_AGGRESSIVE;
				GCC_WARN_UNUSED_FUNCTION = YES;
				GCC_WARN_UNUSED_VARIABLE = YES;
				MACOSX_DEPLOYMENT_TARGET = 10.10;
				MTL_ENABLE_DEBUG_INFO = YES;
				ONLY_ACTIVE_ARCH = YES;
				SDKROOT = macosx;
				SWIFT_OPTIMIZATION_LEVEL = "-Onone";
			};
			name = Debug;
		};
		BE8764E01C90DCCC002FBDEE /* Release */ = {
			isa = XCBuildConfiguration;
			buildSettings = {
				ALWAYS_SEARCH_USER_PATHS = NO;
				CLANG_CXX_LANGUAGE_STANDARD = "gnu++0x";
				CLANG_CXX_LIBRARY = "libc++";
				CLANG_ENABLE_MODULES = YES;
				CLANG_ENABLE_OBJC_ARC = YES;
				CLANG_WARN_BOOL_CONVERSION = YES;
				CLANG_WARN_CONSTANT_CONVERSION = YES;
				CLANG_WARN_DIRECT_OBJC_ISA_USAGE = YES_ERROR;
				CLANG_WARN_EMPTY_BODY = YES;
				CLANG_WARN_ENUM_CONVERSION = YES;
				CLANG_WARN_INT_CONVERSION = YES;
				CLANG_WARN_OBJC_ROOT_CLASS = YES_ERROR;
				CLANG_WARN_UNREACHABLE_CODE = YES;
				CLANG_WARN__DUPLICATE_METHOD_MATCH = YES;
				CODE_SIGN_IDENTITY = "-";
				COPY_PHASE_STRIP = NO;
				DEBUG_INFORMATION_FORMAT = "dwarf-with-dsym";
				ENABLE_NS_ASSERTIONS = NO;
				ENABLE_STRICT_OBJC_MSGSEND = YES;
				GCC_C_LANGUAGE_STANDARD = gnu99;
				GCC_NO_COMMON_BLOCKS = YES;
				GCC_WARN_64_TO_32_BIT_CONVERSION = YES;
				GCC_WARN_ABOUT_RETURN_TYPE = YES_ERROR;
				GCC_WARN_UNDECLARED_SELECTOR = YES;
				GCC_WARN_UNINITIALIZED_AUTOS = YES_AGGRESSIVE;
				GCC_WARN_UNUSED_FUNCTION = YES;
				GCC_WARN_UNUSED_VARIABLE = YES;
				MACOSX_DEPLOYMENT_TARGET = 10.10;
				MTL_ENABLE_DEBUG_INFO = NO;
				SDKROOT = macosx;
			};
			name = Release;
		};
		BE8764E21C90DCCC002FBDEE /* Debug */ = {
			isa = XCBuildConfiguration;
			buildSettings = {
				PRODUCT_NAME = "$(TARGET_NAME)";
			};
			name = Debug;
		};
		BE8764E31C90DCCC002FBDEE /* Release */ = {
			isa = XCBuildConfiguration;
			buildSettings = {
				PRODUCT_NAME = "$(TARGET_NAME)";
			};
			name = Release;
		};
/* End XCBuildConfiguration section */

/* Begin XCConfigurationList section */
		BE8764D51C90DCCC002FBDEE /* Build configuration list for PBXProject "freecell.swift" */ = {
			isa = XCConfigurationList;
			buildConfigurations = (
				BE8764DF1C90DCCC002FBDEE /* Debug */,
				BE8764E01C90DCCC002FBDEE /* Release */,
			);
			defaultConfigurationIsVisible = 0;
			defaultConfigurationName = Release;
		};
		BE8764E11C90DCCC002FBDEE /* Build configuration list for PBXNativeTarget "freecell.swift" */ = {
			isa = XCConfigurationList;
			buildConfigurations = (
				BE8764E21C90DCCC002FBDEE /* Debug */,
				BE8764E31C90DCCC002FBDEE /* Release */,
			);
			defaultConfigurationIsVisible = 0;
			defaultConfigurationName = Release;
		};
/* End XCConfigurationList section */
	};
	rootObject = BE8764D21C90DCCC002FBDEE /* Project object */;
}
